<Solution>
  <Folder Name="/Solution Items/">
    <File Path="Directory.Build.props" />
    <File Path="Directory.Packages.props" />
    <File Path="LICENSE" />
    <File Path="README.md" />
  </Folder>
  <Project Path="Crest\Crest.csproj" />
  <Project Path="Crest.EFCore\Crest.EFCore.csproj" />
  <Project Path="Crest.Validation\Crest.Validation.csproj" />
  <Project Path="Crest.Tests\Crest.Tests.csproj" />
  <Project Path="Crest.Sample\Crest.Sample.csproj" />
</Solution>
